
Microsoft Visual Studio Solution File, Format Version 12.00
# Visual Studio Version 16
VisualStudioVersion = 16.0.31025.194
MinimumVisualStudioVersion = 10.0.40219.1
Project("{FAE04EC0-301F-11D3-BF4B-00C04F79EFBC}") = "WhatNumberGame1", "WhatNumberGame1\WhatNumberGame1.csproj", "{4030F746-3C37-415D-AEDF-F0E062CA45F7}"
EndProject
Global
	GlobalSection(SolutionConfigurationPlatforms) = preSolution
		Debug|Any CPU = Debug|Any CPU
		Release|Any CPU = Release|Any CPU
	EndGlobalSection
	GlobalSection(ProjectConfigurationPlatforms) = postSolution
		{4030F746-3C37-415D-AEDF-F0E062CA45F7}.Debug|Any CPU.ActiveCfg = Debug|Any CPU
		{4030F746-3C37-415D-AEDF-F0E062CA45F7}.Debug|Any CPU.Build.0 = Debug|Any CPU
		{4030F746-3C37-415D-AEDF-F0E062CA45F7}.Release|Any CPU.ActiveCfg = Release|Any CPU
		{4030F746-3C37-415D-AEDF-F0E062CA45F7}.Release|Any CPU.Build.0 = Release|Any CPU
	EndGlobalSection
	GlobalSection(SolutionProperties) = preSolution
		HideSolutionNode = FALSE
	EndGlobalSection
	GlobalSection(ExtensibilityGlobals) = postSolution
		SolutionGuid = {B67A0015-0CD7-4E72-BEDB-3CC32D36DB75}
	EndGlobalSection
EndGlobal
